// !$*UTF8*$!
{
	archiveVersion = 1;
	classes = {
	};
	objectVersion = 46;
	objects = {

/* Begin PBXBuildFile section */
		731A45179E767039D5B3B739 /* Pods_Dyr.framework in Frameworks */ = {isa = PBXBuildFile; fileRef = 98942B4D46E096C36CB25C9F /* Pods_Dyr.framework */; };
		9A341651AEEC924B009575AA /* Pods_DyrTests.framework in Frameworks */ = {isa = PBXBuildFile; fileRef = AE0BFCF4ACA8ADBFFC1BA393 /* Pods_DyrTests.framework */; };
		F500CC9A1ADAC38100F04786 /* OAuthClient+Credentials.swift in Sources */ = {isa = PBXBuildFile; fileRef = F500CC991ADAC38100F04786 /* OAuthClient+Credentials.swift */; };
		F500CC9E1ADADD3900F04786 /* DoorRouter.swift in Sources */ = {isa = PBXBuildFile; fileRef = F500CC9D1ADADD3900F04786 /* DoorRouter.swift */; };
		F50BBB7E1AED3CC100A8150C /* TimelineView.swift in Sources */ = {isa = PBXBuildFile; fileRef = F50BBB7D1AED3CC100A8150C /* TimelineView.swift */; };
		F50F8F361AD595B200E77DCB /* ColoredButton.swift in Sources */ = {isa = PBXBuildFile; fileRef = F50F8F351AD595B200E77DCB /* ColoredButton.swift */; };
		F50F8F381AD595C000E77DCB /* LoginViewController.swift in Sources */ = {isa = PBXBuildFile; fileRef = F50F8F371AD595C000E77DCB /* LoginViewController.swift */; };
		F546459A1D0D931A00DBD937 /* CoreLocation.framework in Frameworks */ = {isa = PBXBuildFile; fileRef = F54645991D0D931A00DBD937 /* CoreLocation.framework */; };
		F56D81FA1ADA9ADD00E9A301 /* OAuthClient.swift in Sources */ = {isa = PBXBuildFile; fileRef = F56D81F91ADA9ADD00E9A301 /* OAuthClient.swift */; };
		F56D81FE1ADAA70C00E9A301 /* OAuthRouter.swift in Sources */ = {isa = PBXBuildFile; fileRef = F56D81FD1ADAA70C00E9A301 /* OAuthRouter.swift */; };
		F56D82031ADAAF0800E9A301 /* Dictionary+SumOperator.swift in Sources */ = {isa = PBXBuildFile; fileRef = F56D82021ADAAF0800E9A301 /* Dictionary+SumOperator.swift */; };
		F5AEF4FD1ADA6D0700D78DFE /* OAuthAccessToken.swift in Sources */ = {isa = PBXBuildFile; fileRef = F5AEF4FC1ADA6D0700D78DFE /* OAuthAccessToken.swift */; };
		F5B01DBF1AA356AA00EF2A2A /* AppDelegate.swift in Sources */ = {isa = PBXBuildFile; fileRef = F5B01DBE1AA356AA00EF2A2A /* AppDelegate.swift */; };
		F5B01DC21AA356AA00EF2A2A /* Dyr.xcdatamodeld in Sources */ = {isa = PBXBuildFile; fileRef = F5B01DC01AA356AA00EF2A2A /* Dyr.xcdatamodeld */; };
		F5B01DC71AA356AA00EF2A2A /* Main.storyboard in Resources */ = {isa = PBXBuildFile; fileRef = F5B01DC51AA356AA00EF2A2A /* Main.storyboard */; };
		F5B01DC91AA356AA00EF2A2A /* Images.xcassets in Resources */ = {isa = PBXBuildFile; fileRef = F5B01DC81AA356AA00EF2A2A /* Images.xcassets */; };
		F5B01DCC1AA356AA00EF2A2A /* LaunchScreen.xib in Resources */ = {isa = PBXBuildFile; fileRef = F5B01DCA1AA356AA00EF2A2A /* LaunchScreen.xib */; };
		F5B01DD81AA356AA00EF2A2A /* DyrTests.swift in Sources */ = {isa = PBXBuildFile; fileRef = F5B01DD71AA356AA00EF2A2A /* DyrTests.swift */; };
		F5B01DEB1AA368D000EF2A2A /* Constants.plist in Resources */ = {isa = PBXBuildFile; fileRef = F5B01DE91AA368D000EF2A2A /* Constants.plist */; };
		F5B01DEC1AA368D000EF2A2A /* Constants.swift in Sources */ = {isa = PBXBuildFile; fileRef = F5B01DEA1AA368D000EF2A2A /* Constants.swift */; };
		F5B01DEF1AA36B8D00EF2A2A /* Event.swift in Sources */ = {isa = PBXBuildFile; fileRef = F5B01DED1AA36B8D00EF2A2A /* Event.swift */; };
		F5B01DF01AA36B8D00EF2A2A /* User.swift in Sources */ = {isa = PBXBuildFile; fileRef = F5B01DEE1AA36B8D00EF2A2A /* User.swift */; };
		F5B01E001AA36D1900EF2A2A /* UIColor+Dyr.swift in Sources */ = {isa = PBXBuildFile; fileRef = F5B01DF41AA36D1900EF2A2A /* UIColor+Dyr.swift */; };
		F5B01E011AA36D1900EF2A2A /* UIColor+HexString.swift in Sources */ = {isa = PBXBuildFile; fileRef = F5B01DF51AA36D1900EF2A2A /* UIColor+HexString.swift */; };
		F5B01E021AA36D1900EF2A2A /* NavigationController.swift in Sources */ = {isa = PBXBuildFile; fileRef = F5B01DF71AA36D1900EF2A2A /* NavigationController.swift */; };
		F5B01E031AA36D1900EF2A2A /* EventTableViewCell.swift in Sources */ = {isa = PBXBuildFile; fileRef = F5B01DFA1AA36D1900EF2A2A /* EventTableViewCell.swift */; };
		F5B01E041AA36D1900EF2A2A /* FetchedResultsTableViewController.swift in Sources */ = {isa = PBXBuildFile; fileRef = F5B01DFC1AA36D1900EF2A2A /* FetchedResultsTableViewController.swift */; };
		F5B01E081AA36E2C00EF2A2A /* DoorViewController.swift in Sources */ = {isa = PBXBuildFile; fileRef = F5B01E071AA36E2C00EF2A2A /* DoorViewController.swift */; };
		F5B6A87B1AED0B6B00177858 /* EventRouter.swift in Sources */ = {isa = PBXBuildFile; fileRef = F5B6A87A1AED0B6B00177858 /* EventRouter.swift */; };
		F5DFD5181ADD49DA001445BF /* Accessory.swift in Sources */ = {isa = PBXBuildFile; fileRef = F5DFD5161ADD49DA001445BF /* Accessory.swift */; };
		F5DFD5191ADD49DA001445BF /* Door.swift in Sources */ = {isa = PBXBuildFile; fileRef = F5DFD5171ADD49DA001445BF /* Door.swift */; };
/* End PBXBuildFile section */

/* Begin PBXContainerItemProxy section */
		F5B01DD21AA356AA00EF2A2A /* PBXContainerItemProxy */ = {
			isa = PBXContainerItemProxy;
			containerPortal = F5B01DB11AA356A900EF2A2A /* Project object */;
			proxyType = 1;
			remoteGlobalIDString = F5B01DB81AA356A900EF2A2A;
			remoteInfo = Dyr;
		};
/* End PBXContainerItemProxy section */

/* Begin PBXCopyFilesBuildPhase section */
		F5A30CBF1B849A5A007B9216 /* Embed Watch Content */ = {
			isa = PBXCopyFilesBuildPhase;
			buildActionMask = 2147483647;
			dstPath = "$(CONTENTS_FOLDER_PATH)/Watch";
			dstSubfolderSpec = 16;
			files = (
			);
			name = "Embed Watch Content";
			runOnlyForDeploymentPostprocessing = 0;
		};
/* End PBXCopyFilesBuildPhase section */

/* Begin PBXFileReference section */
		44D57B1D739489A1D5008051 /* Pods-DyrTests.release.xcconfig */ = {isa = PBXFileReference; includeInIndex = 1; lastKnownFileType = text.xcconfig; name = "Pods-DyrTests.release.xcconfig"; path = "Pods/Target Support Files/Pods-DyrTests/Pods-DyrTests.release.xcconfig"; sourceTree = "<group>"; };
		6EA2B2334A43F0BC8ED779D8 /* Pods.framework */ = {isa = PBXFileReference; explicitFileType = wrapper.framework; includeInIndex = 0; path = Pods.framework; sourceTree = BUILT_PRODUCTS_DIR; };
		98942B4D46E096C36CB25C9F /* Pods_Dyr.framework */ = {isa = PBXFileReference; explicitFileType = wrapper.framework; includeInIndex = 0; path = Pods_Dyr.framework; sourceTree = BUILT_PRODUCTS_DIR; };
		AE0BFCF4ACA8ADBFFC1BA393 /* Pods_DyrTests.framework */ = {isa = PBXFileReference; explicitFileType = wrapper.framework; includeInIndex = 0; path = Pods_DyrTests.framework; sourceTree = BUILT_PRODUCTS_DIR; };
		B1A9971523D2AB0F9E941D10 /* Pods-Dyr.release.xcconfig */ = {isa = PBXFileReference; includeInIndex = 1; lastKnownFileType = text.xcconfig; name = "Pods-Dyr.release.xcconfig"; path = "Pods/Target Support Files/Pods-Dyr/Pods-Dyr.release.xcconfig"; sourceTree = "<group>"; };
		CFCE3FCF47BBC145DD496750 /* Pods-DyrTests.debug.xcconfig */ = {isa = PBXFileReference; includeInIndex = 1; lastKnownFileType = text.xcconfig; name = "Pods-DyrTests.debug.xcconfig"; path = "Pods/Target Support Files/Pods-DyrTests/Pods-DyrTests.debug.xcconfig"; sourceTree = "<group>"; };
		D9080BB2ADD2EDB561F208A8 /* Pods-Dyr.debug.xcconfig */ = {isa = PBXFileReference; includeInIndex = 1; lastKnownFileType = text.xcconfig; name = "Pods-Dyr.debug.xcconfig"; path = "Pods/Target Support Files/Pods-Dyr/Pods-Dyr.debug.xcconfig"; sourceTree = "<group>"; };
		F500CC991ADAC38100F04786 /* OAuthClient+Credentials.swift */ = {isa = PBXFileReference; fileEncoding = 4; lastKnownFileType = sourcecode.swift; path = "OAuthClient+Credentials.swift"; sourceTree = "<group>"; };
		F500CC9D1ADADD3900F04786 /* DoorRouter.swift */ = {isa = PBXFileReference; fileEncoding = 4; lastKnownFileType = sourcecode.swift; path = DoorRouter.swift; sourceTree = "<group>"; };
		F50BBB7D1AED3CC100A8150C /* TimelineView.swift */ = {isa = PBXFileReference; fileEncoding = 4; lastKnownFileType = sourcecode.swift; path = TimelineView.swift; sourceTree = "<group>"; };
		F50F8F351AD595B200E77DCB /* ColoredButton.swift */ = {isa = PBXFileReference; fileEncoding = 4; lastKnownFileType = sourcecode.swift; path = ColoredButton.swift; sourceTree = "<group>"; };
		F50F8F371AD595C000E77DCB /* LoginViewController.swift */ = {isa = PBXFileReference; fileEncoding = 4; lastKnownFileType = sourcecode.swift; path = LoginViewController.swift; sourceTree = "<group>"; };
		F54645991D0D931A00DBD937 /* CoreLocation.framework */ = {isa = PBXFileReference; lastKnownFileType = wrapper.framework; name = CoreLocation.framework; path = System/Library/Frameworks/CoreLocation.framework; sourceTree = SDKROOT; };
		F56D81F91ADA9ADD00E9A301 /* OAuthClient.swift */ = {isa = PBXFileReference; fileEncoding = 4; lastKnownFileType = sourcecode.swift; path = OAuthClient.swift; sourceTree = "<group>"; };
		F56D81FD1ADAA70C00E9A301 /* OAuthRouter.swift */ = {isa = PBXFileReference; fileEncoding = 4; lastKnownFileType = sourcecode.swift; path = OAuthRouter.swift; sourceTree = "<group>"; };
		F56D82021ADAAF0800E9A301 /* Dictionary+SumOperator.swift */ = {isa = PBXFileReference; fileEncoding = 4; lastKnownFileType = sourcecode.swift; path = "Dictionary+SumOperator.swift"; sourceTree = "<group>"; };
		F5AEF4FC1ADA6D0700D78DFE /* OAuthAccessToken.swift */ = {isa = PBXFileReference; fileEncoding = 4; lastKnownFileType = sourcecode.swift; path = OAuthAccessToken.swift; sourceTree = "<group>"; };
		F5B01DB91AA356A900EF2A2A /* Dyr.app */ = {isa = PBXFileReference; explicitFileType = wrapper.application; includeInIndex = 0; path = Dyr.app; sourceTree = BUILT_PRODUCTS_DIR; };
		F5B01DBD1AA356AA00EF2A2A /* Info.plist */ = {isa = PBXFileReference; lastKnownFileType = text.plist.xml; path = Info.plist; sourceTree = "<group>"; };
		F5B01DBE1AA356AA00EF2A2A /* AppDelegate.swift */ = {isa = PBXFileReference; lastKnownFileType = sourcecode.swift; path = AppDelegate.swift; sourceTree = "<group>"; };
		F5B01DC11AA356AA00EF2A2A /* Dyr.xcdatamodel */ = {isa = PBXFileReference; lastKnownFileType = wrapper.xcdatamodel; path = Dyr.xcdatamodel; sourceTree = "<group>"; };
		F5B01DC61AA356AA00EF2A2A /* Base */ = {isa = PBXFileReference; lastKnownFileType = file.storyboard; name = Base; path = Base.lproj/Main.storyboard; sourceTree = "<group>"; };
		F5B01DC81AA356AA00EF2A2A /* Images.xcassets */ = {isa = PBXFileReference; lastKnownFileType = folder.assetcatalog; path = Images.xcassets; sourceTree = "<group>"; };
		F5B01DCB1AA356AA00EF2A2A /* Base */ = {isa = PBXFileReference; lastKnownFileType = file.xib; name = Base; path = Base.lproj/LaunchScreen.xib; sourceTree = "<group>"; };
		F5B01DD11AA356AA00EF2A2A /* DyrTests.xctest */ = {isa = PBXFileReference; explicitFileType = wrapper.cfbundle; includeInIndex = 0; path = DyrTests.xctest; sourceTree = BUILT_PRODUCTS_DIR; };
		F5B01DD61AA356AA00EF2A2A /* Info.plist */ = {isa = PBXFileReference; lastKnownFileType = text.plist.xml; path = Info.plist; sourceTree = "<group>"; };
		F5B01DD71AA356AA00EF2A2A /* DyrTests.swift */ = {isa = PBXFileReference; lastKnownFileType = sourcecode.swift; path = DyrTests.swift; sourceTree = "<group>"; };
		F5B01DE91AA368D000EF2A2A /* Constants.plist */ = {isa = PBXFileReference; fileEncoding = 4; lastKnownFileType = text.plist.xml; path = Constants.plist; sourceTree = "<group>"; };
		F5B01DEA1AA368D000EF2A2A /* Constants.swift */ = {isa = PBXFileReference; fileEncoding = 4; lastKnownFileType = sourcecode.swift; path = Constants.swift; sourceTree = "<group>"; };
		F5B01DED1AA36B8D00EF2A2A /* Event.swift */ = {isa = PBXFileReference; fileEncoding = 4; lastKnownFileType = sourcecode.swift; path = Event.swift; sourceTree = "<group>"; };
		F5B01DEE1AA36B8D00EF2A2A /* User.swift */ = {isa = PBXFileReference; fileEncoding = 4; lastKnownFileType = sourcecode.swift; path = User.swift; sourceTree = "<group>"; };
		F5B01DF41AA36D1900EF2A2A /* UIColor+Dyr.swift */ = {isa = PBXFileReference; fileEncoding = 4; lastKnownFileType = sourcecode.swift; path = "UIColor+Dyr.swift"; sourceTree = "<group>"; };
		F5B01DF51AA36D1900EF2A2A /* UIColor+HexString.swift */ = {isa = PBXFileReference; fileEncoding = 4; lastKnownFileType = sourcecode.swift; path = "UIColor+HexString.swift"; sourceTree = "<group>"; };
		F5B01DF71AA36D1900EF2A2A /* NavigationController.swift */ = {isa = PBXFileReference; fileEncoding = 4; lastKnownFileType = sourcecode.swift; path = NavigationController.swift; sourceTree = "<group>"; };
		F5B01DFA1AA36D1900EF2A2A /* EventTableViewCell.swift */ = {isa = PBXFileReference; fileEncoding = 4; lastKnownFileType = sourcecode.swift; path = EventTableViewCell.swift; sourceTree = "<group>"; };
		F5B01DFC1AA36D1900EF2A2A /* FetchedResultsTableViewController.swift */ = {isa = PBXFileReference; fileEncoding = 4; lastKnownFileType = sourcecode.swift; path = FetchedResultsTableViewController.swift; sourceTree = "<group>"; };
		F5B01E071AA36E2C00EF2A2A /* DoorViewController.swift */ = {isa = PBXFileReference; fileEncoding = 4; lastKnownFileType = sourcecode.swift; path = DoorViewController.swift; sourceTree = "<group>"; };
		F5B6A87A1AED0B6B00177858 /* EventRouter.swift */ = {isa = PBXFileReference; fileEncoding = 4; lastKnownFileType = sourcecode.swift; path = EventRouter.swift; sourceTree = "<group>"; };
		F5D795D01D6E614C00D49A9B /* Dyr.entitlements */ = {isa = PBXFileReference; lastKnownFileType = text.plist.entitlements; path = Dyr.entitlements; sourceTree = "<group>"; };
		F5DFD5161ADD49DA001445BF /* Accessory.swift */ = {isa = PBXFileReference; fileEncoding = 4; lastKnownFileType = sourcecode.swift; path = Accessory.swift; sourceTree = "<group>"; };
		F5DFD5171ADD49DA001445BF /* Door.swift */ = {isa = PBXFileReference; fileEncoding = 4; lastKnownFileType = sourcecode.swift; path = Door.swift; sourceTree = "<group>"; };
/* End PBXFileReference section */

/* Begin PBXFrameworksBuildPhase section */
		F5B01DB61AA356A900EF2A2A /* Frameworks */ = {
			isa = PBXFrameworksBuildPhase;
			buildActionMask = 2147483647;
			files = (
				F546459A1D0D931A00DBD937 /* CoreLocation.framework in Frameworks */,
				731A45179E767039D5B3B739 /* Pods_Dyr.framework in Frameworks */,
			);
			runOnlyForDeploymentPostprocessing = 0;
		};
		F5B01DCE1AA356AA00EF2A2A /* Frameworks */ = {
			isa = PBXFrameworksBuildPhase;
			buildActionMask = 2147483647;
			files = (
				9A341651AEEC924B009575AA /* Pods_DyrTests.framework in Frameworks */,
			);
			runOnlyForDeploymentPostprocessing = 0;
		};
/* End PBXFrameworksBuildPhase section */

/* Begin PBXGroup section */
		ACF3287F3613639442F127E4 /* Frameworks */ = {
			isa = PBXGroup;
			children = (
				F54645991D0D931A00DBD937 /* CoreLocation.framework */,
				6EA2B2334A43F0BC8ED779D8 /* Pods.framework */,
				98942B4D46E096C36CB25C9F /* Pods_Dyr.framework */,
				AE0BFCF4ACA8ADBFFC1BA393 /* Pods_DyrTests.framework */,
			);
			name = Frameworks;
			sourceTree = "<group>";
		};
		D8407CC09352740CB77E9596 /* Pods */ = {
			isa = PBXGroup;
			children = (
				D9080BB2ADD2EDB561F208A8 /* Pods-Dyr.debug.xcconfig */,
				B1A9971523D2AB0F9E941D10 /* Pods-Dyr.release.xcconfig */,
				CFCE3FCF47BBC145DD496750 /* Pods-DyrTests.debug.xcconfig */,
				44D57B1D739489A1D5008051 /* Pods-DyrTests.release.xcconfig */,
			);
			name = Pods;
			sourceTree = "<group>";
		};
		F50BBB7C1AED3CB300A8150C /* View */ = {
			isa = PBXGroup;
			children = (
				F50BBB7D1AED3CC100A8150C /* TimelineView.swift */,
			);
			path = View;
			sourceTree = "<group>";
		};
		F50F8F341AD5958200E77DCB /* Button */ = {
			isa = PBXGroup;
			children = (
				F50F8F351AD595B200E77DCB /* ColoredButton.swift */,
			);
			path = Button;
			sourceTree = "<group>";
		};
		F56D81FB1ADAA51500E9A301 /* Alamofire */ = {
			isa = PBXGroup;
			children = (
				F56D81FC1ADAA53600E9A301 /* Routers */,
			);
			path = Alamofire;
			sourceTree = "<group>";
		};
		F56D81FC1ADAA53600E9A301 /* Routers */ = {
			isa = PBXGroup;
			children = (
				F500CC9D1ADADD3900F04786 /* DoorRouter.swift */,
				F5B6A87A1AED0B6B00177858 /* EventRouter.swift */,
				F56D81FD1ADAA70C00E9A301 /* OAuthRouter.swift */,
			);
			path = Routers;
			sourceTree = "<group>";
		};
		F56D82041ADAAF0D00E9A301 /* Dictionary */ = {
			isa = PBXGroup;
			children = (
				F56D82021ADAAF0800E9A301 /* Dictionary+SumOperator.swift */,
			);
			path = Dictionary;
			sourceTree = "<group>";
		};
		F5AEF4FB1ADA6CEB00D78DFE /* OAuth */ = {
			isa = PBXGroup;
			children = (
				F5AEF4FC1ADA6D0700D78DFE /* OAuthAccessToken.swift */,
				F56D81F91ADA9ADD00E9A301 /* OAuthClient.swift */,
				F500CC991ADAC38100F04786 /* OAuthClient+Credentials.swift */,
			);
			path = OAuth;
			sourceTree = "<group>";
		};
		F5B01DB01AA356A900EF2A2A = {
			isa = PBXGroup;
			children = (
				F5B01DBB1AA356A900EF2A2A /* Dyr */,
				F5B01DD41AA356AA00EF2A2A /* DyrTests */,
				F5B01DBA1AA356A900EF2A2A /* Products */,
				ACF3287F3613639442F127E4 /* Frameworks */,
				D8407CC09352740CB77E9596 /* Pods */,
			);
			sourceTree = "<group>";
		};
		F5B01DBA1AA356A900EF2A2A /* Products */ = {
			isa = PBXGroup;
			children = (
				F5B01DB91AA356A900EF2A2A /* Dyr.app */,
				F5B01DD11AA356AA00EF2A2A /* DyrTests.xctest */,
			);
			name = Products;
			sourceTree = "<group>";
		};
		F5B01DBB1AA356A900EF2A2A /* Dyr */ = {
			isa = PBXGroup;
			children = (
				F5B01DE91AA368D000EF2A2A /* Constants.plist */,
				F5B01DEA1AA368D000EF2A2A /* Constants.swift */,
				F5D795D01D6E614C00D49A9B /* Dyr.entitlements */,
				F5B01DBD1AA356AA00EF2A2A /* Info.plist */,
				F5B01DE11AA3675900EF2A2A /* Classes */,
				F5B01DE61AA367B500EF2A2A /* Resources */,
			);
			path = Dyr;
			sourceTree = "<group>";
		};
		F5B01DD41AA356AA00EF2A2A /* DyrTests */ = {
			isa = PBXGroup;
			children = (
				F5B01DD71AA356AA00EF2A2A /* DyrTests.swift */,
				F5B01DD51AA356AA00EF2A2A /* Supporting Files */,
			);
			path = DyrTests;
			sourceTree = "<group>";
		};
		F5B01DD51AA356AA00EF2A2A /* Supporting Files */ = {
			isa = PBXGroup;
			children = (
				F5B01DD61AA356AA00EF2A2A /* Info.plist */,
			);
			path = "Supporting Files";
			sourceTree = "<group>";
		};
		F5B01DE11AA3675900EF2A2A /* Classes */ = {
			isa = PBXGroup;
			children = (
				F5B01DE21AA3676700EF2A2A /* Application */,
				F5B01DE31AA3677B00EF2A2A /* Controllers */,
				F5B01DE41AA3678D00EF2A2A /* Library */,
				F5B01DE51AA3679A00EF2A2A /* Models */,
			);
			path = Classes;
			sourceTree = "<group>";
		};
		F5B01DE21AA3676700EF2A2A /* Application */ = {
			isa = PBXGroup;
			children = (
				F5B01DBE1AA356AA00EF2A2A /* AppDelegate.swift */,
			);
			path = Application;
			sourceTree = "<group>";
		};
		F5B01DE31AA3677B00EF2A2A /* Controllers */ = {
			isa = PBXGroup;
			children = (
				F5B01E071AA36E2C00EF2A2A /* DoorViewController.swift */,
				F50F8F371AD595C000E77DCB /* LoginViewController.swift */,
			);
			path = Controllers;
			sourceTree = "<group>";
		};
		F5B01DE41AA3678D00EF2A2A /* Library */ = {
			isa = PBXGroup;
			children = (
				F56D81FB1ADAA51500E9A301 /* Alamofire */,
				F50F8F341AD5958200E77DCB /* Button */,
				F5B01DF31AA36D1900EF2A2A /* Color */,
				F56D82041ADAAF0D00E9A301 /* Dictionary */,
				F5B01DF61AA36D1900EF2A2A /* Navigation */,
				F5AEF4FB1ADA6CEB00D78DFE /* OAuth */,
				F5B01DF81AA36D1900EF2A2A /* TableView */,
				F50BBB7C1AED3CB300A8150C /* View */,
			);
			path = Library;
			sourceTree = "<group>";
		};
		F5B01DE51AA3679A00EF2A2A /* Models */ = {
			isa = PBXGroup;
			children = (
				F5B01DC01AA356AA00EF2A2A /* Dyr.xcdatamodeld */,
				F5DFD5161ADD49DA001445BF /* Accessory.swift */,
				F5DFD5171ADD49DA001445BF /* Door.swift */,
				F5B01DED1AA36B8D00EF2A2A /* Event.swift */,
				F5B01DEE1AA36B8D00EF2A2A /* User.swift */,
			);
			path = Models;
			sourceTree = "<group>";
		};
		F5B01DE61AA367B500EF2A2A /* Resources */ = {
			isa = PBXGroup;
			children = (
				F5B01DE71AA367BC00EF2A2A /* Images */,
				F5B01DE81AA367C300EF2A2A /* Storyboards */,
			);
			path = Resources;
			sourceTree = "<group>";
		};
		F5B01DE71AA367BC00EF2A2A /* Images */ = {
			isa = PBXGroup;
			children = (
				F5B01DC81AA356AA00EF2A2A /* Images.xcassets */,
			);
			path = Images;
			sourceTree = "<group>";
		};
		F5B01DE81AA367C300EF2A2A /* Storyboards */ = {
			isa = PBXGroup;
			children = (
				F5B01DCA1AA356AA00EF2A2A /* LaunchScreen.xib */,
				F5B01DC51AA356AA00EF2A2A /* Main.storyboard */,
			);
			path = Storyboards;
			sourceTree = "<group>";
		};
		F5B01DF31AA36D1900EF2A2A /* Color */ = {
			isa = PBXGroup;
			children = (
				F5B01DF41AA36D1900EF2A2A /* UIColor+Dyr.swift */,
				F5B01DF51AA36D1900EF2A2A /* UIColor+HexString.swift */,
			);
			path = Color;
			sourceTree = "<group>";
		};
		F5B01DF61AA36D1900EF2A2A /* Navigation */ = {
			isa = PBXGroup;
			children = (
				F5B01DF71AA36D1900EF2A2A /* NavigationController.swift */,
			);
			path = Navigation;
			sourceTree = "<group>";
		};
		F5B01DF81AA36D1900EF2A2A /* TableView */ = {
			isa = PBXGroup;
			children = (
				F5B01DF91AA36D1900EF2A2A /* Cell */,
				F5B01DFB1AA36D1900EF2A2A /* Controller */,
			);
			path = TableView;
			sourceTree = "<group>";
		};
		F5B01DF91AA36D1900EF2A2A /* Cell */ = {
			isa = PBXGroup;
			children = (
				F5B01DFA1AA36D1900EF2A2A /* EventTableViewCell.swift */,
			);
			path = Cell;
			sourceTree = "<group>";
		};
		F5B01DFB1AA36D1900EF2A2A /* Controller */ = {
			isa = PBXGroup;
			children = (
				F5B01DFC1AA36D1900EF2A2A /* FetchedResultsTableViewController.swift */,
			);
			path = Controller;
			sourceTree = "<group>";
		};
/* End PBXGroup section */

/* Begin PBXNativeTarget section */
		F5B01DB81AA356A900EF2A2A /* Dyr */ = {
			isa = PBXNativeTarget;
			buildConfigurationList = F5B01DDB1AA356AA00EF2A2A /* Build configuration list for PBXNativeTarget "Dyr" */;
			buildPhases = (
				4AA2CC07A4C660FD049907C4 /* [CP] Check Pods Manifest.lock */,
				F5B01DB51AA356A900EF2A2A /* Sources */,
				F5B01DB61AA356A900EF2A2A /* Frameworks */,
				F5B01DB71AA356A900EF2A2A /* Resources */,
				F563C1A41B25B07F0065401B /* ShellScript */,
				F5A30CBF1B849A5A007B9216 /* Embed Watch Content */,
				6C9D347857A5EA6CF42BAC90 /* [CP] Embed Pods Frameworks */,
				F9892DB8F646AF8AA031AC78 /* [CP] Copy Pods Resources */,
			);
			buildRules = (
			);
			dependencies = (
			);
			name = Dyr;
			productName = Dyr;
			productReference = F5B01DB91AA356A900EF2A2A /* Dyr.app */;
			productType = "com.apple.product-type.application";
		};
		F5B01DD01AA356AA00EF2A2A /* DyrTests */ = {
			isa = PBXNativeTarget;
			buildConfigurationList = F5B01DDE1AA356AA00EF2A2A /* Build configuration list for PBXNativeTarget "DyrTests" */;
			buildPhases = (
				D6AF20E2F5B681A4961847F0 /* [CP] Check Pods Manifest.lock */,
				F5B01DCD1AA356AA00EF2A2A /* Sources */,
				F5B01DCE1AA356AA00EF2A2A /* Frameworks */,
				F5B01DCF1AA356AA00EF2A2A /* Resources */,
				96EABE5CF75728A7B71C7A1A /* [CP] Embed Pods Frameworks */,
				560780E2EC4438BEAA878ED9 /* [CP] Copy Pods Resources */,
			);
			buildRules = (
			);
			dependencies = (
				F5B01DD31AA356AA00EF2A2A /* PBXTargetDependency */,
			);
			name = DyrTests;
			productName = DyrTests;
			productReference = F5B01DD11AA356AA00EF2A2A /* DyrTests.xctest */;
			productType = "com.apple.product-type.bundle.unit-test";
		};
/* End PBXNativeTarget section */

/* Begin PBXProject section */
		F5B01DB11AA356A900EF2A2A /* Project object */ = {
			isa = PBXProject;
			attributes = {
				LastSwiftUpdateCheck = 0720;
				LastUpgradeCheck = 0800;
				ORGANIZATIONNAME = "";
				TargetAttributes = {
					F5B01DB81AA356A900EF2A2A = {
						CreatedOnToolsVersion = 6.1.1;
						DevelopmentTeam = K5R37XWE45;
						LastSwiftMigration = 0800;
						SystemCapabilities = {
							com.apple.Keychain = {
								enabled = 1;
							};
						};
					};
					F5B01DD01AA356AA00EF2A2A = {
						CreatedOnToolsVersion = 6.1.1;
						LastSwiftMigration = 0800;
						TestTargetID = F5B01DB81AA356A900EF2A2A;
					};
				};
			};
			buildConfigurationList = F5B01DB41AA356A900EF2A2A /* Build configuration list for PBXProject "Dyr" */;
			compatibilityVersion = "Xcode 3.2";
			developmentRegion = English;
			hasScannedForEncodings = 0;
			knownRegions = (
				en,
				Base,
			);
			mainGroup = F5B01DB01AA356A900EF2A2A;
			productRefGroup = F5B01DBA1AA356A900EF2A2A /* Products */;
			projectDirPath = "";
			projectRoot = "";
			targets = (
				F5B01DB81AA356A900EF2A2A /* Dyr */,
				F5B01DD01AA356AA00EF2A2A /* DyrTests */,
			);
		};
/* End PBXProject section */

/* Begin PBXResourcesBuildPhase section */
		F5B01DB71AA356A900EF2A2A /* Resources */ = {
			isa = PBXResourcesBuildPhase;
			buildActionMask = 2147483647;
			files = (
				F5B01DC71AA356AA00EF2A2A /* Main.storyboard in Resources */,
				F5B01DCC1AA356AA00EF2A2A /* LaunchScreen.xib in Resources */,
				F5B01DEB1AA368D000EF2A2A /* Constants.plist in Resources */,
				F5B01DC91AA356AA00EF2A2A /* Images.xcassets in Resources */,
			);
			runOnlyForDeploymentPostprocessing = 0;
		};
		F5B01DCF1AA356AA00EF2A2A /* Resources */ = {
			isa = PBXResourcesBuildPhase;
			buildActionMask = 2147483647;
			files = (
			);
			runOnlyForDeploymentPostprocessing = 0;
		};
/* End PBXResourcesBuildPhase section */

/* Begin PBXShellScriptBuildPhase section */
		4AA2CC07A4C660FD049907C4 /* [CP] Check Pods Manifest.lock */ = {
			isa = PBXShellScriptBuildPhase;
			buildActionMask = 2147483647;
			files = (
			);
			inputPaths = (
			);
			name = "[CP] Check Pods Manifest.lock";
			outputPaths = (
			);
			runOnlyForDeploymentPostprocessing = 0;
			shellPath = /bin/sh;
			shellScript = "diff \"${PODS_ROOT}/../Podfile.lock\" \"${PODS_ROOT}/Manifest.lock\" > /dev/null\nif [ $? != 0 ] ; then\n    # print error to STDERR\n    echo \"error: The sandbox is not in sync with the Podfile.lock. Run 'pod install' or update your CocoaPods installation.\" >&2\n    exit 1\nfi\n";
			showEnvVarsInLog = 0;
		};
		560780E2EC4438BEAA878ED9 /* [CP] Copy Pods Resources */ = {
			isa = PBXShellScriptBuildPhase;
			buildActionMask = 2147483647;
			files = (
			);
			inputPaths = (
			);
			name = "[CP] Copy Pods Resources";
			outputPaths = (
			);
			runOnlyForDeploymentPostprocessing = 0;
			shellPath = /bin/sh;
			shellScript = "\"${SRCROOT}/Pods/Target Support Files/Pods-DyrTests/Pods-DyrTests-resources.sh\"\n";
			showEnvVarsInLog = 0;
		};
		6C9D347857A5EA6CF42BAC90 /* [CP] Embed Pods Frameworks */ = {
			isa = PBXShellScriptBuildPhase;
			buildActionMask = 2147483647;
			files = (
			);
			inputPaths = (
			);
			name = "[CP] Embed Pods Frameworks";
			outputPaths = (
			);
			runOnlyForDeploymentPostprocessing = 0;
			shellPath = /bin/sh;
			shellScript = "\"${SRCROOT}/Pods/Target Support Files/Pods-Dyr/Pods-Dyr-frameworks.sh\"\n";
			showEnvVarsInLog = 0;
		};
		96EABE5CF75728A7B71C7A1A /* [CP] Embed Pods Frameworks */ = {
			isa = PBXShellScriptBuildPhase;
			buildActionMask = 2147483647;
			files = (
			);
			inputPaths = (
			);
			name = "[CP] Embed Pods Frameworks";
			outputPaths = (
			);
			runOnlyForDeploymentPostprocessing = 0;
			shellPath = /bin/sh;
			shellScript = "\"${SRCROOT}/Pods/Target Support Files/Pods-DyrTests/Pods-DyrTests-frameworks.sh\"\n";
			showEnvVarsInLog = 0;
		};
		D6AF20E2F5B681A4961847F0 /* [CP] Check Pods Manifest.lock */ = {
			isa = PBXShellScriptBuildPhase;
			buildActionMask = 2147483647;
			files = (
			);
			inputPaths = (
			);
			name = "[CP] Check Pods Manifest.lock";
			outputPaths = (
			);
			runOnlyForDeploymentPostprocessing = 0;
			shellPath = /bin/sh;
			shellScript = "diff \"${PODS_ROOT}/../Podfile.lock\" \"${PODS_ROOT}/Manifest.lock\" > /dev/null\nif [ $? != 0 ] ; then\n    # print error to STDERR\n    echo \"error: The sandbox is not in sync with the Podfile.lock. Run 'pod install' or update your CocoaPods installation.\" >&2\n    exit 1\nfi\n";
			showEnvVarsInLog = 0;
		};
		F563C1A41B25B07F0065401B /* ShellScript */ = {
			isa = PBXShellScriptBuildPhase;
			buildActionMask = 2147483647;
			files = (
			);
			inputPaths = (
			);
			outputPaths = (
			);
			runOnlyForDeploymentPostprocessing = 0;
			shellPath = /bin/bash;
			shellScript = "if [ \"${CONFIGURATION}\" = \"Release\" ]; then\n    buildNumber=$(/usr/libexec/PlistBuddy -c \"Print CFBundleVersion\" \"${TARGET_BUILD_DIR}/${INFOPLIST_PATH}\")\n    buildNumber=$(($buildNumber + 1))\n\n    /usr/libexec/PlistBuddy -c \"Set :CFBundleVersion $buildNumber\" \"$INFOPLIST_FILE\"\n    /usr/libexec/PlistBuddy -c \"Set :CFBundleVersion $buildNumber\" \"${TARGET_BUILD_DIR}/${INFOPLIST_PATH}\"\nfi";
		};
		F9892DB8F646AF8AA031AC78 /* [CP] Copy Pods Resources */ = {
			isa = PBXShellScriptBuildPhase;
			buildActionMask = 2147483647;
			files = (
			);
			inputPaths = (
			);
			name = "[CP] Copy Pods Resources";
			outputPaths = (
			);
			runOnlyForDeploymentPostprocessing = 0;
			shellPath = /bin/sh;
			shellScript = "\"${SRCROOT}/Pods/Target Support Files/Pods-Dyr/Pods-Dyr-resources.sh\"\n";
			showEnvVarsInLog = 0;
		};
/* End PBXShellScriptBuildPhase section */

/* Begin PBXSourcesBuildPhase section */
		F5B01DB51AA356A900EF2A2A /* Sources */ = {
			isa = PBXSourcesBuildPhase;
			buildActionMask = 2147483647;
			files = (
				F50F8F381AD595C000E77DCB /* LoginViewController.swift in Sources */,
				F5B01E011AA36D1900EF2A2A /* UIColor+HexString.swift in Sources */,
				F5B01E031AA36D1900EF2A2A /* EventTableViewCell.swift in Sources */,
				F56D82031ADAAF0800E9A301 /* Dictionary+SumOperator.swift in Sources */,
				F5B01DF01AA36B8D00EF2A2A /* User.swift in Sources */,
				F5B01E001AA36D1900EF2A2A /* UIColor+Dyr.swift in Sources */,
				F5B01DBF1AA356AA00EF2A2A /* AppDelegate.swift in Sources */,
				F500CC9A1ADAC38100F04786 /* OAuthClient+Credentials.swift in Sources */,
				F5B01DC21AA356AA00EF2A2A /* Dyr.xcdatamodeld in Sources */,
				F5DFD5191ADD49DA001445BF /* Door.swift in Sources */,
				F5B6A87B1AED0B6B00177858 /* EventRouter.swift in Sources */,
				F5AEF4FD1ADA6D0700D78DFE /* OAuthAccessToken.swift in Sources */,
				F5B01E021AA36D1900EF2A2A /* NavigationController.swift in Sources */,
				F5B01DEC1AA368D000EF2A2A /* Constants.swift in Sources */,
				F500CC9E1ADADD3900F04786 /* DoorRouter.swift in Sources */,
				F50F8F361AD595B200E77DCB /* ColoredButton.swift in Sources */,
				F5B01E041AA36D1900EF2A2A /* FetchedResultsTableViewController.swift in Sources */,
				F50BBB7E1AED3CC100A8150C /* TimelineView.swift in Sources */,
				F5DFD5181ADD49DA001445BF /* Accessory.swift in Sources */,
				F56D81FA1ADA9ADD00E9A301 /* OAuthClient.swift in Sources */,
				F5B01DEF1AA36B8D00EF2A2A /* Event.swift in Sources */,
				F56D81FE1ADAA70C00E9A301 /* OAuthRouter.swift in Sources */,
				F5B01E081AA36E2C00EF2A2A /* DoorViewController.swift in Sources */,
			);
			runOnlyForDeploymentPostprocessing = 0;
		};
		F5B01DCD1AA356AA00EF2A2A /* Sources */ = {
			isa = PBXSourcesBuildPhase;
			buildActionMask = 2147483647;
			files = (
				F5B01DD81AA356AA00EF2A2A /* DyrTests.swift in Sources */,
			);
			runOnlyForDeploymentPostprocessing = 0;
		};
/* End PBXSourcesBuildPhase section */

/* Begin PBXTargetDependency section */
		F5B01DD31AA356AA00EF2A2A /* PBXTargetDependency */ = {
			isa = PBXTargetDependency;
			target = F5B01DB81AA356A900EF2A2A /* Dyr */;
			targetProxy = F5B01DD21AA356AA00EF2A2A /* PBXContainerItemProxy */;
		};
/* End PBXTargetDependency section */

/* Begin PBXVariantGroup section */
		F5B01DC51AA356AA00EF2A2A /* Main.storyboard */ = {
			isa = PBXVariantGroup;
			children = (
				F5B01DC61AA356AA00EF2A2A /* Base */,
			);
			name = Main.storyboard;
			path = .;
			sourceTree = "<group>";
		};
		F5B01DCA1AA356AA00EF2A2A /* LaunchScreen.xib */ = {
			isa = PBXVariantGroup;
			children = (
				F5B01DCB1AA356AA00EF2A2A /* Base */,
			);
			name = LaunchScreen.xib;
			path = .;
			sourceTree = "<group>";
		};
/* End PBXVariantGroup section */

/* Begin XCBuildConfiguration section */
		F5B01DD91AA356AA00EF2A2A /* Debug */ = {
			isa = XCBuildConfiguration;
			buildSettings = {
				ALWAYS_SEARCH_USER_PATHS = NO;
				CLANG_CXX_LANGUAGE_STANDARD = "gnu++0x";
				CLANG_CXX_LIBRARY = "libc++";
				CLANG_ENABLE_MODULES = YES;
				CLANG_ENABLE_OBJC_ARC = YES;
				CLANG_WARN_BOOL_CONVERSION = YES;
				CLANG_WARN_CONSTANT_CONVERSION = YES;
				CLANG_WARN_DIRECT_OBJC_ISA_USAGE = YES_ERROR;
				CLANG_WARN_EMPTY_BODY = YES;
				CLANG_WARN_ENUM_CONVERSION = YES;
				CLANG_WARN_INFINITE_RECURSION = YES;
				CLANG_WARN_INT_CONVERSION = YES;
				CLANG_WARN_OBJC_ROOT_CLASS = YES_ERROR;
				CLANG_WARN_SUSPICIOUS_MOVE = YES;
				CLANG_WARN_UNREACHABLE_CODE = YES;
				CLANG_WARN__DUPLICATE_METHOD_MATCH = YES;
				"CODE_SIGN_IDENTITY[sdk=iphoneos*]" = "iPhone Developer";
				COPY_PHASE_STRIP = NO;
				ENABLE_STRICT_OBJC_MSGSEND = YES;
				ENABLE_TESTABILITY = YES;
				GCC_C_LANGUAGE_STANDARD = gnu99;
				GCC_DYNAMIC_NO_PIC = NO;
				GCC_NO_COMMON_BLOCKS = YES;
				GCC_OPTIMIZATION_LEVEL = 0;
				GCC_PREPROCESSOR_DEFINITIONS = (
					"DEBUG=1",
					"$(inherited)",
				);
				GCC_SYMBOLS_PRIVATE_EXTERN = NO;
				GCC_WARN_64_TO_32_BIT_CONVERSION = YES;
				GCC_WARN_ABOUT_RETURN_TYPE = YES_ERROR;
				GCC_WARN_UNDECLARED_SELECTOR = YES;
				GCC_WARN_UNINITIALIZED_AUTOS = YES_AGGRESSIVE;
				GCC_WARN_UNUSED_FUNCTION = YES;
				GCC_WARN_UNUSED_VARIABLE = YES;
				IPHONEOS_DEPLOYMENT_TARGET = 10.0;
				MTL_ENABLE_DEBUG_INFO = YES;
				ONLY_ACTIVE_ARCH = YES;
				SDKROOT = iphoneos;
				SWIFT_OPTIMIZATION_LEVEL = "-Onone";
			};
			name = Debug;
		};
		F5B01DDA1AA356AA00EF2A2A /* Release */ = {
			isa = XCBuildConfiguration;
			buildSettings = {
				ALWAYS_SEARCH_USER_PATHS = NO;
				CLANG_CXX_LANGUAGE_STANDARD = "gnu++0x";
				CLANG_CXX_LIBRARY = "libc++";
				CLANG_ENABLE_MODULES = YES;
				CLANG_ENABLE_OBJC_ARC = YES;
				CLANG_WARN_BOOL_CONVERSION = YES;
				CLANG_WARN_CONSTANT_CONVERSION = YES;
				CLANG_WARN_DIRECT_OBJC_ISA_USAGE = YES_ERROR;
				CLANG_WARN_EMPTY_BODY = YES;
				CLANG_WARN_ENUM_CONVERSION = YES;
				CLANG_WARN_INFINITE_RECURSION = YES;
				CLANG_WARN_INT_CONVERSION = YES;
				CLANG_WARN_OBJC_ROOT_CLASS = YES_ERROR;
				CLANG_WARN_SUSPICIOUS_MOVE = YES;
				CLANG_WARN_UNREACHABLE_CODE = YES;
				CLANG_WARN__DUPLICATE_METHOD_MATCH = YES;
				"CODE_SIGN_IDENTITY[sdk=iphoneos*]" = "iPhone Developer";
				COPY_PHASE_STRIP = YES;
				ENABLE_NS_ASSERTIONS = NO;
				ENABLE_STRICT_OBJC_MSGSEND = YES;
				GCC_C_LANGUAGE_STANDARD = gnu99;
				GCC_NO_COMMON_BLOCKS = YES;
				GCC_WARN_64_TO_32_BIT_CONVERSION = YES;
				GCC_WARN_ABOUT_RETURN_TYPE = YES_ERROR;
				GCC_WARN_UNDECLARED_SELECTOR = YES;
				GCC_WARN_UNINITIALIZED_AUTOS = YES_AGGRESSIVE;
				GCC_WARN_UNUSED_FUNCTION = YES;
				GCC_WARN_UNUSED_VARIABLE = YES;
				IPHONEOS_DEPLOYMENT_TARGET = 10.0;
				MTL_ENABLE_DEBUG_INFO = NO;
				SDKROOT = iphoneos;
				VALIDATE_PRODUCT = YES;
			};
			name = Release;
		};
		F5B01DDC1AA356AA00EF2A2A /* Debug */ = {
			isa = XCBuildConfiguration;
			baseConfigurationReference = D9080BB2ADD2EDB561F208A8 /* Pods-Dyr.debug.xcconfig */;
			buildSettings = {
				ALWAYS_EMBED_SWIFT_STANDARD_LIBRARIES = YES;
				ASSETCATALOG_COMPILER_APPICON_NAME = AppIcon;
				CODE_SIGN_ENTITLEMENTS = Dyr/Dyr.entitlements;
				CODE_SIGN_IDENTITY = "iPhone Developer";
				"CODE_SIGN_IDENTITY[sdk=iphoneos*]" = "iPhone Developer";
				ENABLE_BITCODE = NO;
				INFOPLIST_FILE = Dyr/Info.plist;
				IPHONEOS_DEPLOYMENT_TARGET = 10.0;
				LD_RUNPATH_SEARCH_PATHS = "$(inherited) @executable_path/Frameworks";
				PRODUCT_BUNDLE_IDENTIFIER = be.pmaene.ios.Dyr;
				PRODUCT_NAME = "$(TARGET_NAME)";
				PROVISIONING_PROFILE = "";
				SWIFT_OBJC_BRIDGING_HEADER = "";
				SWIFT_VERSION = 3.0;
			};
			name = Debug;
		};
		F5B01DDD1AA356AA00EF2A2A /* Release */ = {
			isa = XCBuildConfiguration;
			baseConfigurationReference = B1A9971523D2AB0F9E941D10 /* Pods-Dyr.release.xcconfig */;
			buildSettings = {
				ALWAYS_EMBED_SWIFT_STANDARD_LIBRARIES = YES;
				ASSETCATALOG_COMPILER_APPICON_NAME = AppIcon;
				CODE_SIGN_ENTITLEMENTS = Dyr/Dyr.entitlements;
				CODE_SIGN_IDENTITY = "iPhone Developer";
				"CODE_SIGN_IDENTITY[sdk=iphoneos*]" = "iPhone Developer";
				ENABLE_BITCODE = NO;
				INFOPLIST_FILE = Dyr/Info.plist;
				IPHONEOS_DEPLOYMENT_TARGET = 10.0;
				LD_RUNPATH_SEARCH_PATHS = "$(inherited) @executable_path/Frameworks";
				PRODUCT_BUNDLE_IDENTIFIER = be.pmaene.ios.Dyr;
				PRODUCT_NAME = "$(TARGET_NAME)";
				PROVISIONING_PROFILE = "";
				SWIFT_OBJC_BRIDGING_HEADER = "";
				SWIFT_OPTIMIZATION_LEVEL = "-Owholemodule";
				SWIFT_VERSION = 3.0;
			};
			name = Release;
		};
		F5B01DDF1AA356AA00EF2A2A /* Debug */ = {
			isa = XCBuildConfiguration;
			baseConfigurationReference = CFCE3FCF47BBC145DD496750 /* Pods-DyrTests.debug.xcconfig */;
			buildSettings = {
				BUNDLE_LOADER = "$(TEST_HOST)";
				GCC_PREPROCESSOR_DEFINITIONS = (
					"DEBUG=1",
					"$(inherited)",
				);
				INFOPLIST_FILE = "DyrTests/Supporting Files/Info.plist";
				LD_RUNPATH_SEARCH_PATHS = "$(inherited) @executable_path/Frameworks @loader_path/Frameworks";
				PRODUCT_BUNDLE_IDENTIFIER = "be.pmaene.ios.$(PRODUCT_NAME:rfc1034identifier)";
				PRODUCT_NAME = "$(TARGET_NAME)";
				SWIFT_VERSION = 3.0;
				TEST_HOST = "$(BUILT_PRODUCTS_DIR)/Dyr.app/Dyr";
			};
			name = Debug;
		};
		F5B01DE01AA356AA00EF2A2A /* Release */ = {
			isa = XCBuildConfiguration;
			baseConfigurationReference = 44D57B1D739489A1D5008051 /* Pods-DyrTests.release.xcconfig */;
			buildSettings = {
				BUNDLE_LOADER = "$(TEST_HOST)";
				INFOPLIST_FILE = "DyrTests/Supporting Files/Info.plist";
				LD_RUNPATH_SEARCH_PATHS = "$(inherited) @executable_path/Frameworks @loader_path/Frameworks";
				PRODUCT_BUNDLE_IDENTIFIER = "be.pmaene.ios.$(PRODUCT_NAME:rfc1034identifier)";
				PRODUCT_NAME = "$(TARGET_NAME)";
				SWIFT_OPTIMIZATION_LEVEL = "-Owholemodule";
				SWIFT_VERSION = 3.0;
				TEST_HOST = "$(BUILT_PRODUCTS_DIR)/Dyr.app/Dyr";
			};
			name = Release;
		};
/* End XCBuildConfiguration section */

/* Begin XCConfigurationList section */
		F5B01DB41AA356A900EF2A2A /* Build configuration list for PBXProject "Dyr" */ = {
			isa = XCConfigurationList;
			buildConfigurations = (
				F5B01DD91AA356AA00EF2A2A /* Debug */,
				F5B01DDA1AA356AA00EF2A2A /* Release */,
			);
			defaultConfigurationIsVisible = 0;
			defaultConfigurationName = Release;
		};
		F5B01DDB1AA356AA00EF2A2A /* Build configuration list for PBXNativeTarget "Dyr" */ = {
			isa = XCConfigurationList;
			buildConfigurations = (
				F5B01DDC1AA356AA00EF2A2A /* Debug */,
				F5B01DDD1AA356AA00EF2A2A /* Release */,
			);
			defaultConfigurationIsVisible = 0;
			defaultConfigurationName = Release;
		};
		F5B01DDE1AA356AA00EF2A2A /* Build configuration list for PBXNativeTarget "DyrTests" */ = {
			isa = XCConfigurationList;
			buildConfigurations = (
				F5B01DDF1AA356AA00EF2A2A /* Debug */,
				F5B01DE01AA356AA00EF2A2A /* Release */,
			);
			defaultConfigurationIsVisible = 0;
			defaultConfigurationName = Release;
		};
/* End XCConfigurationList section */

/* Begin XCVersionGroup section */
		F5B01DC01AA356AA00EF2A2A /* Dyr.xcdatamodeld */ = {
			isa = XCVersionGroup;
			children = (
				F5B01DC11AA356AA00EF2A2A /* Dyr.xcdatamodel */,
			);
			currentVersion = F5B01DC11AA356AA00EF2A2A /* Dyr.xcdatamodel */;
			path = Dyr.xcdatamodeld;
			sourceTree = "<group>";
			versionGroupType = wrapper.xcdatamodel;
		};
/* End XCVersionGroup section */
	};
	rootObject = F5B01DB11AA356A900EF2A2A /* Project object */;
}
